// !$*UTF8*$!
{
	archiveVersion = 1;
	classes = {
	};
	objectVersion = 77;
	objects = {

/* Begin PBXContainerItemProxy section */
		DC9E91162DAED27600E7548D /* PBXContainerItemProxy */ = {
			isa = PBXContainerItemProxy;
			containerPortal = DC9E91002DAED27400E7548D /* Project object */;
			proxyType = 1;
			remoteGlobalIDString = DC9E91072DAED27400E7548D;
			remoteInfo = news_aggerator_app;
		};
		DC9E91202DAED27600E7548D /* PBXContainerItemProxy */ = {
			isa = PBXContainerItemProxy;
			containerPortal = DC9E91002DAED27400E7548D /* Project object */;
			proxyType = 1;
			remoteGlobalIDString = DC9E91072DAED27400E7548D;
			remoteInfo = news_aggerator_app;
		};
/* End PBXContainerItemProxy section */

/* Begin PBXFileReference section */
		DC9E91082DAED27400E7548D /* news_aggerator_app.app */ = {isa = PBXFileReference; explicitFileType = wrapper.application; includeInIndex = 0; path = news_aggerator_app.app; sourceTree = BUILT_PRODUCTS_DIR; };
		DC9E91152DAED27600E7548D /* news_aggerator_appTests.xctest */ = {isa = PBXFileReference; explicitFileType = wrapper.cfbundle; includeInIndex = 0; path = news_aggerator_appTests.xctest; sourceTree = BUILT_PRODUCTS_DIR; };
		DC9E911F2DAED27600E7548D /* news_aggerator_appUITests.xctest */ = {isa = PBXFileReference; explicitFileType = wrapper.cfbundle; includeInIndex = 0; path = news_aggerator_appUITests.xctest; sourceTree = BUILT_PRODUCTS_DIR; };
/* End PBXFileReference section */

/* Begin PBXFileSystemSynchronizedRootGroup section */
		DC9E910A2DAED27400E7548D /* news_aggerator_app */ = {
			isa = PBXFileSystemSynchronizedRootGroup;
			path = news_aggerator_app;
			sourceTree = "<group>";
		};
		DC9E91182DAED27600E7548D /* news_aggerator_appTests */ = {
			isa = PBXFileSystemSynchronizedRootGroup;
			path = news_aggerator_appTests;
			sourceTree = "<group>";
		};
		DC9E91222DAED27600E7548D /* news_aggerator_appUITests */ = {
			isa = PBXFileSystemSynchronizedRootGroup;
			path = news_aggerator_appUITests;
			sourceTree = "<group>";
		};
/* End PBXFileSystemSynchronizedRootGroup section */

/* Begin PBXFrameworksBuildPhase section */
		DC9E91052DAED27400E7548D /* Frameworks */ = {
			isa = PBXFrameworksBuildPhase;
			buildActionMask = 2147483647;
			files = (
			);
			runOnlyForDeploymentPostprocessing = 0;
		};
		DC9E91122DAED27600E7548D /* Frameworks */ = {
			isa = PBXFrameworksBuildPhase;
			buildActionMask = 2147483647;
			files = (
			);
			runOnlyForDeploymentPostprocessing = 0;
		};
		DC9E911C2DAED27600E7548D /* Frameworks */ = {
			isa = PBXFrameworksBuildPhase;
			buildActionMask = 2147483647;
			files = (
			);
			runOnlyForDeploymentPostprocessing = 0;
		};
/* End PBXFrameworksBuildPhase section */

/* Begin PBXGroup section */
		DC9E90FF2DAED27400E7548D = {
			isa = PBXGroup;
			children = (
				DC9E910A2DAED27400E7548D /* news_aggerator_app */,
				DC9E91182DAED27600E7548D /* news_aggerator_appTests */,
				DC9E91222DAED27600E7548D /* news_aggerator_appUITests */,
				DC9E91092DAED27400E7548D /* Products */,
			);
			sourceTree = "<group>";
		};
		DC9E91092DAED27400E7548D /* Products */ = {
			isa = PBXGroup;
			children = (
				DC9E91082DAED27400E7548D /* news_aggerator_app.app */,
				DC9E91152DAED27600E7548D /* news_aggerator_appTests.xctest */,
				DC9E911F2DAED27600E7548D /* news_aggerator_appUITests.xctest */,
			);
			name = Products;
			sourceTree = "<group>";
		};
/* End PBXGroup section */

/* Begin PBXNativeTarget section */
		DC9E91072DAED27400E7548D /* news_aggerator_app */ = {
			isa = PBXNativeTarget;
			buildConfigurationList = DC9E91292DAED27600E7548D /* Build configuration list for PBXNativeTarget "news_aggerator_app" */;
			buildPhases = (
				DC9E91042DAED27400E7548D /* Sources */,
				DC9E91052DAED27400E7548D /* Frameworks */,
				DC9E91062DAED27400E7548D /* Resources */,
			);
			buildRules = (
			);
			dependencies = (
			);
			fileSystemSynchronizedGroups = (
				DC9E910A2DAED27400E7548D /* news_aggerator_app */,
			);
			name = news_aggerator_app;
			packageProductDependencies = (
			);
			productName = news_aggerator_app;
			productReference = DC9E91082DAED27400E7548D /* news_aggerator_app.app */;
			productType = "com.apple.product-type.application";
		};
		DC9E91142DAED27600E7548D /* news_aggerator_appTests */ = {
			isa = PBXNativeTarget;
			buildConfigurationList = DC9E912C2DAED27600E7548D /* Build configuration list for PBXNativeTarget "news_aggerator_appTests" */;
			buildPhases = (
				DC9E91112DAED27600E7548D /* Sources */,
				DC9E91122DAED27600E7548D /* Frameworks */,
				DC9E91132DAED27600E7548D /* Resources */,
			);
			buildRules = (
			);
			dependencies = (
				DC9E91172DAED27600E7548D /* PBXTargetDependency */,
			);
			fileSystemSynchronizedGroups = (
				DC9E91182DAED27600E7548D /* news_aggerator_appTests */,
			);
			name = news_aggerator_appTests;
			packageProductDependencies = (
			);
			productName = news_aggerator_appTests;
			productReference = DC9E91152DAED27600E7548D /* news_aggerator_appTests.xctest */;
			productType = "com.apple.product-type.bundle.unit-test";
		};
		DC9E911E2DAED27600E7548D /* news_aggerator_appUITests */ = {
			isa = PBXNativeTarget;
			buildConfigurationList = DC9E912F2DAED27600E7548D /* Build configuration list for PBXNativeTarget "news_aggerator_appUITests" */;
			buildPhases = (
				DC9E911B2DAED27600E7548D /* Sources */,
				DC9E911C2DAED27600E7548D /* Frameworks */,
				DC9E911D2DAED27600E7548D /* Resources */,
			);
			buildRules = (
			);
			dependencies = (
				DC9E91212DAED27600E7548D /* PBXTargetDependency */,
			);
			fileSystemSynchronizedGroups = (
				DC9E91222DAED27600E7548D /* news_aggerator_appUITests */,
			);
			name = news_aggerator_appUITests;
			packageProductDependencies = (
			);
			productName = news_aggerator_appUITests;
			productReference = DC9E911F2DAED27600E7548D /* news_aggerator_appUITests.xctest */;
			productType = "com.apple.product-type.bundle.ui-testing";
		};
/* End PBXNativeTarget section */

/* Begin PBXProject section */
		DC9E91002DAED27400E7548D /* Project object */ = {
			isa = PBXProject;
			attributes = {
				BuildIndependentTargetsInParallel = 1;
				LastSwiftUpdateCheck = 1630;
				LastUpgradeCheck = 1630;
				TargetAttributes = {
					DC9E91072DAED27400E7548D = {
						CreatedOnToolsVersion = 16.3;
					};
					DC9E91142DAED27600E7548D = {
						CreatedOnToolsVersion = 16.3;
						TestTargetID = DC9E91072DAED27400E7548D;
					};
					DC9E911E2DAED27600E7548D = {
						CreatedOnToolsVersion = 16.3;
						TestTargetID = DC9E91072DAED27400E7548D;
					};
				};
			};
			buildConfigurationList = DC9E91032DAED27400E7548D /* Build configuration list for PBXProject "news_aggerator_app" */;
			developmentRegion = en;
			hasScannedForEncodings = 0;
			knownRegions = (
				en,
				Base,
			);
			mainGroup = DC9E90FF2DAED27400E7548D;
			minimizedProjectReferenceProxies = 1;
			preferredProjectObjectVersion = 77;
			productRefGroup = DC9E91092DAED27400E7548D /* Products */;
			projectDirPath = "";
			projectRoot = "";
			targets = (
				DC9E91072DAED27400E7548D /* news_aggerator_app */,
				DC9E91142DAED27600E7548D /* news_aggerator_appTests */,
				DC9E911E2DAED27600E7548D /* news_aggerator_appUITests */,
			);
		};
/* End PBXProject section */

/* Begin PBXResourcesBuildPhase section */
		DC9E91062DAED27400E7548D /* Resources */ = {
			isa = PBXResourcesBuildPhase;
			buildActionMask = 2147483647;
			files = (
			);
			runOnlyForDeploymentPostprocessing = 0;
		};
		DC9E91132DAED27600E7548D /* Resources */ = {
			isa = PBXResourcesBuildPhase;
			buildActionMask = 2147483647;
			files = (
			);
			runOnlyForDeploymentPostprocessing = 0;
		};
		DC9E911D2DAED27600E7548D /* Resources */ = {
			isa = PBXResourcesBuildPhase;
			buildActionMask = 2147483647;
			files = (
			);
			runOnlyForDeploymentPostprocessing = 0;
		};
/* End PBXResourcesBuildPhase section */

/* Begin PBXSourcesBuildPhase section */
		DC9E91042DAED27400E7548D /* Sources */ = {
			isa = PBXSourcesBuildPhase;
			buildActionMask = 2147483647;
			files = (
			);
			runOnlyForDeploymentPostprocessing = 0;
		};
		DC9E91112DAED27600E7548D /* Sources */ = {
			isa = PBXSourcesBuildPhase;
			buildActionMask = 2147483647;
			files = (
			);
			runOnlyForDeploymentPostprocessing = 0;
		};
		DC9E911B2DAED27600E7548D /* Sources */ = {
			isa = PBXSourcesBuildPhase;
			buildActionMask = 2147483647;
			files = (
			);
			runOnlyForDeploymentPostprocessing = 0;
		};
/* End PBXSourcesBuildPhase section */

/* Begin PBXTargetDependency section */
		DC9E91172DAED27600E7548D /* PBXTargetDependency */ = {
			isa = PBXTargetDependency;
			target = DC9E91072DAED27400E7548D /* news_aggerator_app */;
			targetProxy = DC9E91162DAED27600E7548D /* PBXContainerItemProxy */;
		};
		DC9E91212DAED27600E7548D /* PBXTargetDependency */ = {
			isa = PBXTargetDependency;
			target = DC9E91072DAED27400E7548D /* news_aggerator_app */;
			targetProxy = DC9E91202DAED27600E7548D /* PBXContainerItemProxy */;
		};
/* End PBXTargetDependency section */

/* Begin XCBuildConfiguration section */
		DC9E91272DAED27600E7548D /* Debug */ = {
			isa = XCBuildConfiguration;
			buildSettings = {
				ALWAYS_SEARCH_USER_PATHS = NO;
				ASSETCATALOG_COMPILER_GENERATE_SWIFT_ASSET_SYMBOL_EXTENSIONS = YES;
				CLANG_ANALYZER_NONNULL = YES;
				CLANG_ANALYZER_NUMBER_OBJECT_CONVERSION = YES_AGGRESSIVE;
				CLANG_CXX_LANGUAGE_STANDARD = "gnu++20";
				CLANG_ENABLE_MODULES = YES;
				CLANG_ENABLE_OBJC_ARC = YES;
				CLANG_ENABLE_OBJC_WEAK = YES;
				CLANG_WARN_BLOCK_CAPTURE_AUTORELEASING = YES;
				CLANG_WARN_BOOL_CONVERSION = YES;
				CLANG_WARN_COMMA = YES;
				CLANG_WARN_CONSTANT_CONVERSION = YES;
				CLANG_WARN_DEPRECATED_OBJC_IMPLEMENTATIONS = YES;
				CLANG_WARN_DIRECT_OBJC_ISA_USAGE = YES_ERROR;
				CLANG_WARN_DOCUMENTATION_COMMENTS = YES;
				CLANG_WARN_EMPTY_BODY = YES;
				CLANG_WARN_ENUM_CONVERSION = YES;
				CLANG_WARN_INFINITE_RECURSION = YES;
				CLANG_WARN_INT_CONVERSION = YES;
				CLANG_WARN_NON_LITERAL_NULL_CONVERSION = YES;
				CLANG_WARN_OBJC_IMPLICIT_RETAIN_SELF = YES;
				CLANG_WARN_OBJC_LITERAL_CONVERSION = YES;
				CLANG_WARN_OBJC_ROOT_CLASS = YES_ERROR;
				CLANG_WARN_QUOTED_INCLUDE_IN_FRAMEWORK_HEADER = YES;
				CLANG_WARN_RANGE_LOOP_ANALYSIS = YES;
				CLANG_WARN_STRICT_PROTOTYPES = YES;
				CLANG_WARN_SUSPICIOUS_MOVE = YES;
				CLANG_WARN_UNGUARDED_AVAILABILITY = YES_AGGRESSIVE;
				CLANG_WARN_UNREACHABLE_CODE = YES;
				CLANG_WARN__DUPLICATE_METHOD_MATCH = YES;
				COPY_PHASE_STRIP = NO;
				DEBUG_INFORMATION_FORMAT = dwarf;
				ENABLE_STRICT_OBJC_MSGSEND = YES;
				ENABLE_TESTABILITY = YES;
				ENABLE_USER_SCRIPT_SANDBOXING = YES;
				GCC_C_LANGUAGE_STANDARD = gnu17;
				GCC_DYNAMIC_NO_PIC = NO;
				GCC_NO_COMMON_BLOCKS = YES;
				GCC_OPTIMIZATION_LEVEL = 0;
				GCC_PREPROCESSOR_DEFINITIONS = (
					"DEBUG=1",
					"$(inherited)",
				);
				GCC_WARN_64_TO_32_BIT_CONVERSION = YES;
				GCC_WARN_ABOUT_RETURN_TYPE = YES_ERROR;
				GCC_WARN_UNDECLARED_SELECTOR = YES;
				GCC_WARN_UNINITIALIZED_AUTOS = YES_AGGRESSIVE;
				GCC_WARN_UNUSED_FUNCTION = YES;
				GCC_WARN_UNUSED_VARIABLE = YES;
				IPHONEOS_DEPLOYMENT_TARGET = 18.4;
				LOCALIZATION_PREFERS_STRING_CATALOGS = YES;
				MTL_ENABLE_DEBUG_INFO = INCLUDE_SOURCE;
				MTL_FAST_MATH = YES;
				ONLY_ACTIVE_ARCH = YES;
				SDKROOT = iphoneos;
				SWIFT_ACTIVE_COMPILATION_CONDITIONS = "DEBUG $(inherited)";
				SWIFT_OPTIMIZATION_LEVEL = "-Onone";
			};
			name = Debug;
		};
		DC9E91282DAED27600E7548D /* Release */ = {
			isa = XCBuildConfiguration;
			buildSettings = {
				ALWAYS_SEARCH_USER_PATHS = NO;
				ASSETCATALOG_COMPILER_GENERATE_SWIFT_ASSET_SYMBOL_EXTENSIONS = YES;
				CLANG_ANALYZER_NONNULL = YES;
				CLANG_ANALYZER_NUMBER_OBJECT_CONVERSION = YES_AGGRESSIVE;
				CLANG_CXX_LANGUAGE_STANDARD = "gnu++20";
				CLANG_ENABLE_MODULES = YES;
				CLANG_ENABLE_OBJC_ARC = YES;
				CLANG_ENABLE_OBJC_WEAK = YES;
				CLANG_WARN_BLOCK_CAPTURE_AUTORELEASING = YES;
				CLANG_WARN_BOOL_CONVERSION = YES;
				CLANG_WARN_COMMA = YES;
				CLANG_WARN_CONSTANT_CONVERSION = YES;
				CLANG_WARN_DEPRECATED_OBJC_IMPLEMENTATIONS = YES;
				CLANG_WARN_DIRECT_OBJC_ISA_USAGE = YES_ERROR;
				CLANG_WARN_DOCUMENTATION_COMMENTS = YES;
				CLANG_WARN_EMPTY_BODY = YES;
				CLANG_WARN_ENUM_CONVERSION = YES;
				CLANG_WARN_INFINITE_RECURSION = YES;
				CLANG_WARN_INT_CONVERSION = YES;
				CLANG_WARN_NON_LITERAL_NULL_CONVERSION = YES;
				CLANG_WARN_OBJC_IMPLICIT_RETAIN_SELF = YES;
				CLANG_WARN_OBJC_LITERAL_CONVERSION = YES;
				CLANG_WARN_OBJC_ROOT_CLASS = YES_ERROR;
				CLANG_WARN_QUOTED_INCLUDE_IN_FRAMEWORK_HEADER = YES;
				CLANG_WARN_RANGE_LOOP_ANALYSIS = YES;
				CLANG_WARN_STRICT_PROTOTYPES = YES;
				CLANG_WARN_SUSPICIOUS_MOVE = YES;
				CLANG_WARN_UNGUARDED_AVAILABILITY = YES_AGGRESSIVE;
				CLANG_WARN_UNREACHABLE_CODE = YES;
				CLANG_WARN__DUPLICATE_METHOD_MATCH = YES;
				COPY_PHASE_STRIP = NO;
				DEBUG_INFORMATION_FORMAT = "dwarf-with-dsym";
				ENABLE_NS_ASSERTIONS = NO;
				ENABLE_STRICT_OBJC_MSGSEND = YES;
				ENABLE_USER_SCRIPT_SANDBOXING = YES;
				GCC_C_LANGUAGE_STANDARD = gnu17;
				GCC_NO_COMMON_BLOCKS = YES;
				GCC_WARN_64_TO_32_BIT_CONVERSION = YES;
				GCC_WARN_ABOUT_RETURN_TYPE = YES_ERROR;
				GCC_WARN_UNDECLARED_SELECTOR = YES;
				GCC_WARN_UNINITIALIZED_AUTOS = YES_AGGRESSIVE;
				GCC_WARN_UNUSED_FUNCTION = YES;
				GCC_WARN_UNUSED_VARIABLE = YES;
				IPHONEOS_DEPLOYMENT_TARGET = 18.4;
				LOCALIZATION_PREFERS_STRING_CATALOGS = YES;
				MTL_ENABLE_DEBUG_INFO = NO;
				MTL_FAST_MATH = YES;
				SDKROOT = iphoneos;
				SWIFT_COMPILATION_MODE = wholemodule;
				VALIDATE_PRODUCT = YES;
			};
			name = Release;
		};
		DC9E912A2DAED27600E7548D /* Debug */ = {
			isa = XCBuildConfiguration;
			buildSettings = {
				ASSETCATALOG_COMPILER_APPICON_NAME = AppIcon;
				ASSETCATALOG_COMPILER_GLOBAL_ACCENT_COLOR_NAME = AccentColor;
				CODE_SIGN_STYLE = Automatic;
				CURRENT_PROJECT_VERSION = 1;
				ENABLE_PREVIEWS = YES;
				GENERATE_INFOPLIST_FILE = YES;
				INFOPLIST_KEY_UIApplicationSceneManifest_Generation = YES;
				INFOPLIST_KEY_UIApplicationSupportsIndirectInputEvents = YES;
				INFOPLIST_KEY_UILaunchScreen_Generation = YES;
				INFOPLIST_KEY_UISupportedInterfaceOrientations_iPad = "UIInterfaceOrientationPortrait UIInterfaceOrientationPortraitUpsideDown UIInterfaceOrientationLandscapeLeft UIInterfaceOrientationLandscapeRight";
				INFOPLIST_KEY_UISupportedInterfaceOrientations_iPhone = "UIInterfaceOrientationPortrait UIInterfaceOrientationLandscapeLeft UIInterfaceOrientationLandscapeRight";
				LD_RUNPATH_SEARCH_PATHS = (
					"$(inherited)",
					"@executable_path/Frameworks",
				);
				MARKETING_VERSION = 1.0;
				PRODUCT_BUNDLE_IDENTIFIER = "com.aggerator.news-aggerator-app";
				PRODUCT_NAME = "$(TARGET_NAME)";
				SWIFT_EMIT_LOC_STRINGS = YES;
				SWIFT_VERSION = 5.0;
				TARGETED_DEVICE_FAMILY = "1,2";
			};
			name = Debug;
		};
		DC9E912B2DAED27600E7548D /* Release */ = {
			isa = XCBuildConfiguration;
			buildSettings = {
				ASSETCATALOG_COMPILER_APPICON_NAME = AppIcon;
				ASSETCATALOG_COMPILER_GLOBAL_ACCENT_COLOR_NAME = AccentColor;
				CODE_SIGN_STYLE = Automatic;
				CURRENT_PROJECT_VERSION = 1;
				ENABLE_PREVIEWS = YES;
				GENERATE_INFOPLIST_FILE = YES;
				INFOPLIST_KEY_UIApplicationSceneManifest_Generation = YES;
				INFOPLIST_KEY_UIApplicationSupportsIndirectInputEvents = YES;
				INFOPLIST_KEY_UILaunchScreen_Generation = YES;
				INFOPLIST_KEY_UISupportedInterfaceOrientations_iPad = "UIInterfaceOrientationPortrait UIInterfaceOrientationPortraitUpsideDown UIInterfaceOrientationLandscapeLeft UIInterfaceOrientationLandscapeRight";
				INFOPLIST_KEY_UISupportedInterfaceOrientations_iPhone = "UIInterfaceOrientationPortrait UIInterfaceOrientationLandscapeLeft UIInterfaceOrientationLandscapeRight";
				LD_RUNPATH_SEARCH_PATHS = (
					"$(inherited)",
					"@executable_path/Frameworks",
				);
				MARKETING_VERSION = 1.0;
				PRODUCT_BUNDLE_IDENTIFIER = "com.aggerator.news-aggerator-app";
				PRODUCT_NAME = "$(TARGET_NAME)";
				SWIFT_EMIT_LOC_STRINGS = YES;
				SWIFT_VERSION = 5.0;
				TARGETED_DEVICE_FAMILY = "1,2";
			};
			name = Release;
		};
		DC9E912D2DAED27600E7548D /* Debug */ = {
			isa = XCBuildConfiguration;
			buildSettings = {
				BUNDLE_LOADER = "$(TEST_HOST)";
				CODE_SIGN_STYLE = Automatic;
				CURRENT_PROJECT_VERSION = 1;
				GENERATE_INFOPLIST_FILE = YES;
				IPHONEOS_DEPLOYMENT_TARGET = 18.4;
				MARKETING_VERSION = 1.0;
				PRODUCT_BUNDLE_IDENTIFIER = "com.aggerator.news-aggerator-appTests";
				PRODUCT_NAME = "$(TARGET_NAME)";
				SWIFT_EMIT_LOC_STRINGS = NO;
				SWIFT_VERSION = 5.0;
				TARGETED_DEVICE_FAMILY = "1,2";
				TEST_HOST = "$(BUILT_PRODUCTS_DIR)/news_aggerator_app.app/$(BUNDLE_EXECUTABLE_FOLDER_PATH)/news_aggerator_app";
			};
			name = Debug;
		};
		DC9E912E2DAED27600E7548D /* Release */ = {
			isa = XCBuildConfiguration;
			buildSettings = {
				BUNDLE_LOADER = "$(TEST_HOST)";
				CODE_SIGN_STYLE = Automatic;
				CURRENT_PROJECT_VERSION = 1;
				GENERATE_INFOPLIST_FILE = YES;
				IPHONEOS_DEPLOYMENT_TARGET = 18.4;
				MARKETING_VERSION = 1.0;
				PRODUCT_BUNDLE_IDENTIFIER = "com.aggerator.news-aggerator-appTests";
				PRODUCT_NAME = "$(TARGET_NAME)";
				SWIFT_EMIT_LOC_STRINGS = NO;
				SWIFT_VERSION = 5.0;
				TARGETED_DEVICE_FAMILY = "1,2";
				TEST_HOST = "$(BUILT_PRODUCTS_DIR)/news_aggerator_app.app/$(BUNDLE_EXECUTABLE_FOLDER_PATH)/news_aggerator_app";
			};
			name = Release;
		};
		DC9E91302DAED27600E7548D /* Debug */ = {
			isa = XCBuildConfiguration;
			buildSettings = {
				CODE_SIGN_STYLE = Automatic;
				CURRENT_PROJECT_VERSION = 1;
				GENERATE_INFOPLIST_FILE = YES;
				MARKETING_VERSION = 1.0;
				PRODUCT_BUNDLE_IDENTIFIER = "com.aggerator.news-aggerator-appUITests";
				PRODUCT_NAME = "$(TARGET_NAME)";
				SWIFT_EMIT_LOC_STRINGS = NO;
				SWIFT_VERSION = 5.0;
				TARGETED_DEVICE_FAMILY = "1,2";
				TEST_TARGET_NAME = news_aggerator_app;
			};
			name = Debug;
		};
		DC9E91312DAED27600E7548D /* Release */ = {
			isa = XCBuildConfiguration;
			buildSettings = {
				CODE_SIGN_STYLE = Automatic;
				CURRENT_PROJECT_VERSION = 1;
				GENERATE_INFOPLIST_FILE = YES;
				MARKETING_VERSION = 1.0;
				PRODUCT_BUNDLE_IDENTIFIER = "com.aggerator.news-aggerator-appUITests";
				PRODUCT_NAME = "$(TARGET_NAME)";
				SWIFT_EMIT_LOC_STRINGS = NO;
				SWIFT_VERSION = 5.0;
				TARGETED_DEVICE_FAMILY = "1,2";
				TEST_TARGET_NAME = news_aggerator_app;
			};
			name = Release;
		};
/* End XCBuildConfiguration section */

/* Begin XCConfigurationList section */
		DC9E91032DAED27400E7548D /* Build configuration list for PBXProject "news_aggerator_app" */ = {
			isa = XCConfigurationList;
			buildConfigurations = (
				DC9E91272DAED27600E7548D /* Debug */,
				DC9E91282DAED27600E7548D /* Release */,
			);
			defaultConfigurationIsVisible = 0;
			defaultConfigurationName = Release;
		};
		DC9E91292DAED27600E7548D /* Build configuration list for PBXNativeTarget "news_aggerator_app" */ = {
			isa = XCConfigurationList;
			buildConfigurations = (
				DC9E912A2DAED27600E7548D /* Debug */,
				DC9E912B2DAED27600E7548D /* Release */,
			);
			defaultConfigurationIsVisible = 0;
			defaultConfigurationName = Release;
		};
		DC9E912C2DAED27600E7548D /* Build configuration list for PBXNativeTarget "news_aggerator_appTests" */ = {
			isa = XCConfigurationList;
			buildConfigurations = (
				DC9E912D2DAED27600E7548D /* Debug */,
				DC9E912E2DAED27600E7548D /* Release */,
			);
			defaultConfigurationIsVisible = 0;
			defaultConfigurationName = Release;
		};
		DC9E912F2DAED27600E7548D /* Build configuration list for PBXNativeTarget "news_aggerator_appUITests" */ = {
			isa = XCConfigurationList;
			buildConfigurations = (
				DC9E91302DAED27600E7548D /* Debug */,
				DC9E91312DAED27600E7548D /* Release */,
			);
			defaultConfigurationIsVisible = 0;
			defaultConfigurationName = Release;
		};
/* End XCConfigurationList section */
	};
	rootObject = DC9E91002DAED27400E7548D /* Project object */;
}
